// !$*UTF8*$!
{
	archiveVersion = 1;
	classes = {
	};
	objectVersion = 46;
	objects = {

/* Begin PBXBuildFile section */
		6928E6C50EBBAD49D51F4AE5 /* Pods.framework in Frameworks */ = {isa = PBXBuildFile; fileRef = 50B93C294F58A3F9B64FD142 /* Pods.framework */; };
		CC6E0D4E1BE96C200074CFFC /* AppDelegate.swift in Sources */ = {isa = PBXBuildFile; fileRef = CC6E0D4D1BE96C200074CFFC /* AppDelegate.swift */; };
		CC6E0D501BE96C200074CFFC /* ViewController.swift in Sources */ = {isa = PBXBuildFile; fileRef = CC6E0D4F1BE96C200074CFFC /* ViewController.swift */; };
		CC6E0D531BE96C200074CFFC /* Main.storyboard in Resources */ = {isa = PBXBuildFile; fileRef = CC6E0D511BE96C200074CFFC /* Main.storyboard */; };
		CC6E0D551BE96C200074CFFC /* Assets.xcassets in Resources */ = {isa = PBXBuildFile; fileRef = CC6E0D541BE96C200074CFFC /* Assets.xcassets */; };
		CC6E0D581BE96C200074CFFC /* LaunchScreen.storyboard in Resources */ = {isa = PBXBuildFile; fileRef = CC6E0D561BE96C200074CFFC /* LaunchScreen.storyboard */; };
		CC6E0D601BE96C7B0074CFFC /* PlaceholderNodes.swift in Sources */ = {isa = PBXBuildFile; fileRef = CC6E0D5F1BE96C7B0074CFFC /* PlaceholderNodes.swift */; };
		CC6E0D621BE96C9C0074CFFC /* GlobalStyle.swift in Sources */ = {isa = PBXBuildFile; fileRef = CC6E0D611BE96C9C0074CFFC /* GlobalStyle.swift */; };
		CC6E0D641BE96D150074CFFC /* ASDisplayNodeSubclasses.swift in Sources */ = {isa = PBXBuildFile; fileRef = CC6E0D631BE96D150074CFFC /* ASDisplayNodeSubclasses.swift */; };
		CC6E0D661BE96D3E0074CFFC /* ASDisplayNodeExtensions.swift in Sources */ = {isa = PBXBuildFile; fileRef = CC6E0D651BE96D3E0074CFFC /* ASDisplayNodeExtensions.swift */; };
		CC6E0D681BE96D970074CFFC /* FoundationExtensions.swift in Sources */ = {isa = PBXBuildFile; fileRef = CC6E0D671BE96D970074CFFC /* FoundationExtensions.swift */; };
/* End PBXBuildFile section */

/* Begin PBXFileReference section */
		50B93C294F58A3F9B64FD142 /* Pods.framework */ = {isa = PBXFileReference; explicitFileType = wrapper.framework; includeInIndex = 0; path = Pods.framework; sourceTree = BUILT_PRODUCTS_DIR; };
		59EDFBD119E66EE8C0518B37 /* Pods.release.xcconfig */ = {isa = PBXFileReference; includeInIndex = 1; lastKnownFileType = text.xcconfig; name = Pods.release.xcconfig; path = "Pods/Target Support Files/Pods/Pods.release.xcconfig"; sourceTree = "<group>"; };
		81A8E91D1DA4421030A4C64D /* Pods.debug.xcconfig */ = {isa = PBXFileReference; includeInIndex = 1; lastKnownFileType = text.xcconfig; name = Pods.debug.xcconfig; path = "Pods/Target Support Files/Pods/Pods.debug.xcconfig"; sourceTree = "<group>"; };
		CC6E0D4A1BE96C200074CFFC /* ASDKPlaceholderTest.app */ = {isa = PBXFileReference; explicitFileType = wrapper.application; includeInIndex = 0; path = ASDKPlaceholderTest.app; sourceTree = BUILT_PRODUCTS_DIR; };
		CC6E0D4D1BE96C200074CFFC /* AppDelegate.swift */ = {isa = PBXFileReference; lastKnownFileType = sourcecode.swift; path = AppDelegate.swift; sourceTree = "<group>"; };
		CC6E0D4F1BE96C200074CFFC /* ViewController.swift */ = {isa = PBXFileReference; lastKnownFileType = sourcecode.swift; path = ViewController.swift; sourceTree = "<group>"; };
		CC6E0D521BE96C200074CFFC /* Base */ = {isa = PBXFileReference; lastKnownFileType = file.storyboard; name = Base; path = Base.lproj/Main.storyboard; sourceTree = "<group>"; };
		CC6E0D541BE96C200074CFFC /* Assets.xcassets */ = {isa = PBXFileReference; lastKnownFileType = folder.assetcatalog; path = Assets.xcassets; sourceTree = "<group>"; };
		CC6E0D571BE96C200074CFFC /* Base */ = {isa = PBXFileReference; lastKnownFileType = file.storyboard; name = Base; path = Base.lproj/LaunchScreen.storyboard; sourceTree = "<group>"; };
		CC6E0D591BE96C200074CFFC /* Info.plist */ = {isa = PBXFileReference; lastKnownFileType = text.plist.xml; path = Info.plist; sourceTree = "<group>"; };
		CC6E0D5F1BE96C7B0074CFFC /* PlaceholderNodes.swift */ = {isa = PBXFileReference; fileEncoding = 4; lastKnownFileType = sourcecode.swift; path = PlaceholderNodes.swift; sourceTree = "<group>"; };
		CC6E0D611BE96C9C0074CFFC /* GlobalStyle.swift */ = {isa = PBXFileReference; fileEncoding = 4; lastKnownFileType = sourcecode.swift; path = GlobalStyle.swift; sourceTree = "<group>"; };
		CC6E0D631BE96D150074CFFC /* ASDisplayNodeSubclasses.swift */ = {isa = PBXFileReference; fileEncoding = 4; lastKnownFileType = sourcecode.swift; path = ASDisplayNodeSubclasses.swift; sourceTree = "<group>"; };
		CC6E0D651BE96D3E0074CFFC /* ASDisplayNodeExtensions.swift */ = {isa = PBXFileReference; fileEncoding = 4; lastKnownFileType = sourcecode.swift; path = ASDisplayNodeExtensions.swift; sourceTree = "<group>"; };
		CC6E0D671BE96D970074CFFC /* FoundationExtensions.swift */ = {isa = PBXFileReference; fileEncoding = 4; lastKnownFileType = sourcecode.swift; path = FoundationExtensions.swift; sourceTree = "<group>"; };
/* End PBXFileReference section */

/* Begin PBXFrameworksBuildPhase section */
		CC6E0D471BE96C200074CFFC /* Frameworks */ = {
			isa = PBXFrameworksBuildPhase;
			buildActionMask = 2147483647;
			files = (
				6928E6C50EBBAD49D51F4AE5 /* Pods.framework in Frameworks */,
			);
			runOnlyForDeploymentPostprocessing = 0;
		};
/* End PBXFrameworksBuildPhase section */

/* Begin PBXGroup section */
		87CB02077821D1E4F61E2286 /* Frameworks */ = {
			isa = PBXGroup;
			children = (
				50B93C294F58A3F9B64FD142 /* Pods.framework */,
			);
			name = Frameworks;
			sourceTree = "<group>";
		};
		CC6E0D411BE96C200074CFFC = {
			isa = PBXGroup;
			children = (
				CC6E0D4C1BE96C200074CFFC /* ASDKPlaceholderTest */,
				CC6E0D4B1BE96C200074CFFC /* Products */,
				DF44D989C3F157847DF98411 /* Pods */,
				87CB02077821D1E4F61E2286 /* Frameworks */,
			);
			sourceTree = "<group>";
		};
		CC6E0D4B1BE96C200074CFFC /* Products */ = {
			isa = PBXGroup;
			children = (
				CC6E0D4A1BE96C200074CFFC /* ASDKPlaceholderTest.app */,
			);
			name = Products;
			sourceTree = "<group>";
		};
		CC6E0D4C1BE96C200074CFFC /* ASDKPlaceholderTest */ = {
			isa = PBXGroup;
			children = (
				CC6E0D671BE96D970074CFFC /* FoundationExtensions.swift */,
				CC6E0D651BE96D3E0074CFFC /* ASDisplayNodeExtensions.swift */,
				CC6E0D631BE96D150074CFFC /* ASDisplayNodeSubclasses.swift */,
				CC6E0D611BE96C9C0074CFFC /* GlobalStyle.swift */,
				CC6E0D5F1BE96C7B0074CFFC /* PlaceholderNodes.swift */,
				CC6E0D4D1BE96C200074CFFC /* AppDelegate.swift */,
				CC6E0D4F1BE96C200074CFFC /* ViewController.swift */,
				CC6E0D511BE96C200074CFFC /* Main.storyboard */,
				CC6E0D541BE96C200074CFFC /* Assets.xcassets */,
				CC6E0D561BE96C200074CFFC /* LaunchScreen.storyboard */,
				CC6E0D591BE96C200074CFFC /* Info.plist */,
			);
			path = ASDKPlaceholderTest;
			sourceTree = "<group>";
		};
		DF44D989C3F157847DF98411 /* Pods */ = {
			isa = PBXGroup;
			children = (
				81A8E91D1DA4421030A4C64D /* Pods.debug.xcconfig */,
				59EDFBD119E66EE8C0518B37 /* Pods.release.xcconfig */,
			);
			name = Pods;
			sourceTree = "<group>";
		};
/* End PBXGroup section */

/* Begin PBXNativeTarget section */
		CC6E0D491BE96C200074CFFC /* ASDKPlaceholderTest */ = {
			isa = PBXNativeTarget;
			buildConfigurationList = CC6E0D5C1BE96C200074CFFC /* Build configuration list for PBXNativeTarget "ASDKPlaceholderTest" */;
			buildPhases = (
				C83E29A1E1DD109E2A1E95CE /* Check Pods Manifest.lock */,
				CC6E0D461BE96C200074CFFC /* Sources */,
				CC6E0D471BE96C200074CFFC /* Frameworks */,
				CC6E0D481BE96C200074CFFC /* Resources */,
				62261E8103A8A00EF14C69BC /* Embed Pods Frameworks */,
				2AC4A4253BE94DED5192BBBD /* Copy Pods Resources */,
			);
			buildRules = (
			);
			dependencies = (
			);
			name = ASDKPlaceholderTest;
			productName = ASDKPlaceholderTest;
			productReference = CC6E0D4A1BE96C200074CFFC /* ASDKPlaceholderTest.app */;
			productType = "com.apple.product-type.application";
		};
/* End PBXNativeTarget section */

/* Begin PBXProject section */
		CC6E0D421BE96C200074CFFC /* Project object */ = {
			isa = PBXProject;
			attributes = {
				LastSwiftUpdateCheck = 0710;
				LastUpgradeCheck = 0710;
				ORGANIZATIONNAME = adlai;
				TargetAttributes = {
					CC6E0D491BE96C200074CFFC = {
						CreatedOnToolsVersion = 7.1;
					};
				};
			};
			buildConfigurationList = CC6E0D451BE96C200074CFFC /* Build configuration list for PBXProject "ASDKPlaceholderTest" */;
			compatibilityVersion = "Xcode 3.2";
			developmentRegion = English;
			hasScannedForEncodings = 0;
			knownRegions = (
				en,
				Base,
			);
			mainGroup = CC6E0D411BE96C200074CFFC;
			productRefGroup = CC6E0D4B1BE96C200074CFFC /* Products */;
			projectDirPath = "";
			projectRoot = "";
			targets = (
				CC6E0D491BE96C200074CFFC /* ASDKPlaceholderTest */,
			);
		};
/* End PBXProject section */

/* Begin PBXResourcesBuildPhase section */
		CC6E0D481BE96C200074CFFC /* Resources */ = {
			isa = PBXResourcesBuildPhase;
			buildActionMask = 2147483647;
			files = (
				CC6E0D581BE96C200074CFFC /* LaunchScreen.storyboard in Resources */,
				CC6E0D551BE96C200074CFFC /* Assets.xcassets in Resources */,
				CC6E0D531BE96C200074CFFC /* Main.storyboard in Resources */,
			);
			runOnlyForDeploymentPostprocessing = 0;
		};
/* End PBXResourcesBuildPhase section */

/* Begin PBXShellScriptBuildPhase section */
		2AC4A4253BE94DED5192BBBD /* Copy Pods Resources */ = {
			isa = PBXShellScriptBuildPhase;
			buildActionMask = 2147483647;
			files = (
			);
			inputPaths = (
			);
			name = "Copy Pods Resources";
			outputPaths = (
			);
			runOnlyForDeploymentPostprocessing = 0;
			shellPath = /bin/sh;
			shellScript = "\"${SRCROOT}/Pods/Target Support Files/Pods/Pods-resources.sh\"\n";
			showEnvVarsInLog = 0;
		};
		62261E8103A8A00EF14C69BC /* Embed Pods Frameworks */ = {
			isa = PBXShellScriptBuildPhase;
			buildActionMask = 2147483647;
			files = (
			);
			inputPaths = (
			);
			name = "Embed Pods Frameworks";
			outputPaths = (
			);
			runOnlyForDeploymentPostprocessing = 0;
			shellPath = /bin/sh;
			shellScript = "\"${SRCROOT}/Pods/Target Support Files/Pods/Pods-frameworks.sh\"\n";
			showEnvVarsInLog = 0;
		};
		C83E29A1E1DD109E2A1E95CE /* Check Pods Manifest.lock */ = {
			isa = PBXShellScriptBuildPhase;
			buildActionMask = 2147483647;
			files = (
			);
			inputPaths = (
			);
			name = "Check Pods Manifest.lock";
			outputPaths = (
			);
			runOnlyForDeploymentPostprocessing = 0;
			shellPath = /bin/sh;
			shellScript = "diff \"${PODS_ROOT}/../Podfile.lock\" \"${PODS_ROOT}/Manifest.lock\" > /dev/null\nif [[ $? != 0 ]] ; then\n    cat << EOM\nerror: The sandbox is not in sync with the Podfile.lock. Run 'pod install' or update your CocoaPods installation.\nEOM\n    exit 1\nfi\n";
			showEnvVarsInLog = 0;
		};
/* End PBXShellScriptBuildPhase section */

/* Begin PBXSourcesBuildPhase section */
		CC6E0D461BE96C200074CFFC /* Sources */ = {
			isa = PBXSourcesBuildPhase;
			buildActionMask = 2147483647;
			files = (
				CC6E0D681BE96D970074CFFC /* FoundationExtensions.swift in Sources */,
				CC6E0D641BE96D150074CFFC /* ASDisplayNodeSubclasses.swift in Sources */,
				CC6E0D601BE96C7B0074CFFC /* PlaceholderNodes.swift in Sources */,
				CC6E0D501BE96C200074CFFC /* ViewController.swift in Sources */,
				CC6E0D621BE96C9C0074CFFC /* GlobalStyle.swift in Sources */,
				CC6E0D661BE96D3E0074CFFC /* ASDisplayNodeExtensions.swift in Sources */,
				CC6E0D4E1BE96C200074CFFC /* AppDelegate.swift in Sources */,
			);
			runOnlyForDeploymentPostprocessing = 0;
		};
/* End PBXSourcesBuildPhase section */

/* Begin PBXVariantGroup section */
		CC6E0D511BE96C200074CFFC /* Main.storyboard */ = {
			isa = PBXVariantGroup;
			children = (
				CC6E0D521BE96C200074CFFC /* Base */,
			);
			name = Main.storyboard;
			sourceTree = "<group>";
		};
		CC6E0D561BE96C200074CFFC /* LaunchScreen.storyboard */ = {
			isa = PBXVariantGroup;
			children = (
				CC6E0D571BE96C200074CFFC /* Base */,
			);
			name = LaunchScreen.storyboard;
			sourceTree = "<group>";
		};
/* End PBXVariantGroup section */

/* Begin XCBuildConfiguration section */
		CC6E0D5A1BE96C200074CFFC /* Debug */ = {
			isa = XCBuildConfiguration;
			buildSettings = {
				ALWAYS_SEARCH_USER_PATHS = NO;
				CLANG_CXX_LANGUAGE_STANDARD = "gnu++0x";
				CLANG_CXX_LIBRARY = "libc++";
				CLANG_ENABLE_MODULES = YES;
				CLANG_ENABLE_OBJC_ARC = YES;
				CLANG_WARN_BOOL_CONVERSION = YES;
				CLANG_WARN_CONSTANT_CONVERSION = YES;
				CLANG_WARN_DIRECT_OBJC_ISA_USAGE = YES_ERROR;
				CLANG_WARN_EMPTY_BODY = YES;
				CLANG_WARN_ENUM_CONVERSION = YES;
				CLANG_WARN_INT_CONVERSION = YES;
				CLANG_WARN_OBJC_ROOT_CLASS = YES_ERROR;
				CLANG_WARN_UNREACHABLE_CODE = YES;
				CLANG_WARN__DUPLICATE_METHOD_MATCH = YES;
				"CODE_SIGN_IDENTITY[sdk=iphoneos*]" = "iPhone Developer";
				COPY_PHASE_STRIP = NO;
				DEBUG_INFORMATION_FORMAT = dwarf;
				ENABLE_STRICT_OBJC_MSGSEND = YES;
				ENABLE_TESTABILITY = YES;
				GCC_C_LANGUAGE_STANDARD = gnu99;
				GCC_DYNAMIC_NO_PIC = NO;
				GCC_NO_COMMON_BLOCKS = YES;
				GCC_OPTIMIZATION_LEVEL = 0;
				GCC_PREPROCESSOR_DEFINITIONS = (
					"DEBUG=1",
					"$(inherited)",
				);
				GCC_WARN_64_TO_32_BIT_CONVERSION = YES;
				GCC_WARN_ABOUT_RETURN_TYPE = YES_ERROR;
				GCC_WARN_UNDECLARED_SELECTOR = YES;
				GCC_WARN_UNINITIALIZED_AUTOS = YES_AGGRESSIVE;
				GCC_WARN_UNUSED_FUNCTION = YES;
				GCC_WARN_UNUSED_VARIABLE = YES;
				IPHONEOS_DEPLOYMENT_TARGET = 9.1;
				MTL_ENABLE_DEBUG_INFO = YES;
				ONLY_ACTIVE_ARCH = YES;
				SDKROOT = iphoneos;
				SWIFT_OPTIMIZATION_LEVEL = "-Onone";
			};
			name = Debug;
		};
		CC6E0D5B1BE96C200074CFFC /* Release */ = {
			isa = XCBuildConfiguration;
			buildSettings = {
				ALWAYS_SEARCH_USER_PATHS = NO;
				CLANG_CXX_LANGUAGE_STANDARD = "gnu++0x";
				CLANG_CXX_LIBRARY = "libc++";
				CLANG_ENABLE_MODULES = YES;
				CLANG_ENABLE_OBJC_ARC = YES;
				CLANG_WARN_BOOL_CONVERSION = YES;
				CLANG_WARN_CONSTANT_CONVERSION = YES;
				CLANG_WARN_DIRECT_OBJC_ISA_USAGE = YES_ERROR;
				CLANG_WARN_EMPTY_BODY = YES;
				CLANG_WARN_ENUM_CONVERSION = YES;
				CLANG_WARN_INT_CONVERSION = YES;
				CLANG_WARN_OBJC_ROOT_CLASS = YES_ERROR;
				CLANG_WARN_UNREACHABLE_CODE = YES;
				CLANG_WARN__DUPLICATE_METHOD_MATCH = YES;
				"CODE_SIGN_IDENTITY[sdk=iphoneos*]" = "iPhone Developer";
				COPY_PHASE_STRIP = NO;
				DEBUG_INFORMATION_FORMAT = "dwarf-with-dsym";
				ENABLE_NS_ASSERTIONS = NO;
				ENABLE_STRICT_OBJC_MSGSEND = YES;
				GCC_C_LANGUAGE_STANDARD = gnu99;
				GCC_NO_COMMON_BLOCKS = YES;
				GCC_WARN_64_TO_32_BIT_CONVERSION = YES;
				GCC_WARN_ABOUT_RETURN_TYPE = YES_ERROR;
				GCC_WARN_UNDECLARED_SELECTOR = YES;
				GCC_WARN_UNINITIALIZED_AUTOS = YES_AGGRESSIVE;
				GCC_WARN_UNUSED_FUNCTION = YES;
				GCC_WARN_UNUSED_VARIABLE = YES;
				IPHONEOS_DEPLOYMENT_TARGET = 9.1;
				MTL_ENABLE_DEBUG_INFO = NO;
				SDKROOT = iphoneos;
				VALIDATE_PRODUCT = YES;
			};
			name = Release;
		};
		CC6E0D5D1BE96C200074CFFC /* Debug */ = {
			isa = XCBuildConfiguration;
			baseConfigurationReference = 81A8E91D1DA4421030A4C64D /* Pods.debug.xcconfig */;
			buildSettings = {
				ASSETCATALOG_COMPILER_APPICON_NAME = AppIcon;
				INFOPLIST_FILE = ASDKPlaceholderTest/Info.plist;
				LD_RUNPATH_SEARCH_PATHS = "$(inherited) @executable_path/Frameworks";
				PRODUCT_BUNDLE_IDENTIFIER = adlai.ASDKPlaceholderTest;
				PRODUCT_NAME = "$(TARGET_NAME)";
			};
			name = Debug;
		};
		CC6E0D5E1BE96C200074CFFC /* Release */ = {
			isa = XCBuildConfiguration;
			baseConfigurationReference = 59EDFBD119E66EE8C0518B37 /* Pods.release.xcconfig */;
			buildSettings = {
				ASSETCATALOG_COMPILER_APPICON_NAME = AppIcon;
				INFOPLIST_FILE = ASDKPlaceholderTest/Info.plist;
				LD_RUNPATH_SEARCH_PATHS = "$(inherited) @executable_path/Frameworks";
				PRODUCT_BUNDLE_IDENTIFIER = adlai.ASDKPlaceholderTest;
				PRODUCT_NAME = "$(TARGET_NAME)";
			};
			name = Release;
		};
/* End XCBuildConfiguration section */

/* Begin XCConfigurationList section */
		CC6E0D451BE96C200074CFFC /* Build configuration list for PBXProject "ASDKPlaceholderTest" */ = {
			isa = XCConfigurationList;
			buildConfigurations = (
				CC6E0D5A1BE96C200074CFFC /* Debug */,
				CC6E0D5B1BE96C200074CFFC /* Release */,
			);
			defaultConfigurationIsVisible = 0;
			defaultConfigurationName = Release;
		};
		CC6E0D5C1BE96C200074CFFC /* Build configuration list for PBXNativeTarget "ASDKPlaceholderTest" */ = {
			isa = XCConfigurationList;
			buildConfigurations = (
				CC6E0D5D1BE96C200074CFFC /* Debug */,
				CC6E0D5E1BE96C200074CFFC /* Release */,
			);
			defaultConfigurationIsVisible = 0;
			defaultConfigurationName = Release;
		};
/* End XCConfigurationList section */
	};
	rootObject = CC6E0D421BE96C200074CFFC /* Project object */;
}
